<?xml version="1.0" encoding="utf-8"?>
<Project ToolsVersion="4.0" xmlns="http://schemas.microsoft.com/developer/msbuild/2003">
  <ItemGroup>
    <Filter Include="Source Files">
      <UniqueIdentifier>{4FC737F1-C7A5-4376-A066-2A32D752A2FF}</UniqueIdentifier>
      <Extensions>cpp;c;cc;cxx;c++;cppm;ixx;def;odl;idl;hpj;bat;asm;asmx</Extensions>
    </Filter>
    <Filter Include="Header Files">
      <UniqueIdentifier>{93995380-89BD-4b04-88EB-625FBE52EBFB}</UniqueIdentifier>
      <Extensions>h;hh;hpp;hxx;h++;hm;inl;inc;ipp;xsd</Extensions>
    </Filter>
    <Filter Include="Resource Files">
      <UniqueIdentifier>{67DA6AB6-F800-4c08-8B7A-83BB121AAD01}</UniqueIdentifier>
      <Extensions>rc;ico;cur;bmp;dlg;rc2;rct;bin;rgs;gif;jpg;jpeg;jpe;resx;tiff;tif;png;wav;mfcribbon-ms</Extensions>
    </Filter>
    <Filter Include="Header Files\GameClasses">
      <UniqueIdentifier>{af3951cd-ac1d-492e-9887-df1a1e45d7af}</UniqueIdentifier>
    </Filter>
    <Filter Include="Source Files\GameClasses">
      <UniqueIdentifier>{e4e3b91c-7ba5-4c5b-b3cb-4c5d7c8a50d4}</UniqueIdentifier>
    </Filter>
    <Filter Include="Header Files\Functors">
      <UniqueIdentifier>{1054417a-5e30-4c10-9bb1-91abba546eda}</UniqueIdentifier>
    </Filter>
    <Filter Include="Source Files\Functors">
      <UniqueIdentifier>{38a117c4-00c0-42ff-a326-4c0cf8abe96a}</UniqueIdentifier>
    </Filter>
    <Filter Include="Header Files\CollectionOfFunctions">
      <UniqueIdentifier>{3c04bdb2-32c1-4e6b-9f3b-e2e708131695}</UniqueIdentifier>
    </Filter>
    <Filter Include="Source Files\CollectionOfFunctions">
      <UniqueIdentifier>{5d6454f5-11e4-43fa-aaf5-150c6dc56d21}</UniqueIdentifier>
    </Filter>
    <Filter Include="Source Files\DataBase">
      <UniqueIdentifier>{5868d03a-0824-4a23-b70b-300708aec6f9}</UniqueIdentifier>
    </Filter>
    <Filter Include="Header Files\DataBase">
      <UniqueIdentifier>{9d4dc8b4-f08d-4e1a-a67e-85b7d0f9916f}</UniqueIdentifier>
    </Filter>
    <Filter Include="Header Files\Handlers">
      <UniqueIdentifier>{2c84ca49-9df9-4334-afa4-a6fd7747252b}</UniqueIdentifier>
    </Filter>
    <Filter Include="Source Files\Handlers">
      <UniqueIdentifier>{39e36dba-87fd-44b1-8ff0-e04a4cae6cb4}</UniqueIdentifier>
    </Filter>
    <Filter Include="Header Files\ServerClasses">
      <UniqueIdentifier>{8b774176-9ef0-4697-bf0f-40410aef421f}</UniqueIdentifier>
    </Filter>
    <Filter Include="Source Files\ServerClasses">
      <UniqueIdentifier>{966f4f4f-8b3d-4dfd-8b3f-55fac74f62bc}</UniqueIdentifier>
    </Filter>
  </ItemGroup>
  <ItemGroup>
    <ClCompile Include="Source.cpp">
      <Filter>Source Files</Filter>
    </ClCompile>
    <ClCompile Include="LoginHandler.cpp">
      <Filter>Source Files\Handlers</Filter>
    </ClCompile>
    <ClCompile Include="Player.cpp">
      <Filter>Source Files\GameClasses</Filter>
    </ClCompile>
    <ClCompile Include="Question.cpp">
      <Filter>Source Files\GameClasses</Filter>
    </ClCompile>
    <ClCompile Include="QuestionManager.cpp">
      <Filter>Source Files\GameClasses</Filter>
    </ClCompile>
    <ClCompile Include="Ranking.cpp">
      <Filter>Source Files\GameClasses</Filter>
    </ClCompile>
    <ClCompile Include="GetNextDelimiterOffset.cpp">
      <Filter>Source Files\Functors</Filter>
    </ClCompile>
    <ClCompile Include="MainFunctions.cpp">
      <Filter>Source Files\CollectionOfFunctions</Filter>
    </ClCompile>
    <ClCompile Include="UtilityFunctions.cpp">
      <Filter>Source Files\CollectionOfFunctions</Filter>
    </ClCompile>
    <ClCompile Include="User.cpp">
      <Filter>Source Files\GameClasses</Filter>
    </ClCompile>
    <ClCompile Include="StorageManager.cpp">
      <Filter>Source Files\DataBase</Filter>
    </ClCompile>
    <ClCompile Include="Map.cpp">
      <Filter>Source Files\GameClasses</Filter>
    </ClCompile>
    <ClCompile Include="SetTheNumberOfPlayersHandler.cpp">
      <Filter>Source Files\Handlers</Filter>
    </ClCompile>
    <ClCompile Include="ReadyManager.cpp">
      <Filter>Source Files\ServerClasses</Filter>
    </ClCompile>
    <ClCompile Include="Game.cpp">
      <Filter>Source Files\GameClasses</Filter>
    </ClCompile>
  </ItemGroup>
  <ItemGroup>
    <ClInclude Include="LoginHandler.h">
      <Filter>Header Files\Handlers</Filter>
    </ClInclude>
    <ClInclude Include="PairHashers.h">
      <Filter>Header Files\GameClasses</Filter>
    </ClInclude>
    <ClInclude Include="Player.h">
      <Filter>Header Files\GameClasses</Filter>
    </ClInclude>
    <ClInclude Include="Question.h">
      <Filter>Header Files\GameClasses</Filter>
    </ClInclude>
    <ClInclude Include="QuestionManager.h">
      <Filter>Header Files\GameClasses</Filter>
    </ClInclude>
    <ClInclude Include="Ranking.h">
      <Filter>Header Files\GameClasses</Filter>
    </ClInclude>
    <ClInclude Include="GetNextDelimiterOffset.h">
      <Filter>Header Files\Functors</Filter>
    </ClInclude>
    <ClInclude Include="MainFunctions.h">
      <Filter>Header Files\CollectionOfFunctions</Filter>
    </ClInclude>
    <ClInclude Include="UtilityFunctions.h">
      <Filter>Header Files\CollectionOfFunctions</Filter>
    </ClInclude>
    <ClInclude Include="User.h">
      <Filter>Header Files\GameClasses</Filter>
    </ClInclude>
    <ClInclude Include="Storage.h">
      <Filter>Header Files\DataBase</Filter>
    </ClInclude>
    <ClInclude Include="StorageManager.h">
      <Filter>Header Files\DataBase</Filter>
    </ClInclude>
    <ClInclude Include="Map.h">
      <Filter>Header Files\GameClasses</Filter>
    </ClInclude>
    <ClInclude Include="SetTheNumberOfPlayersHandler.h">
      <Filter>Header Files\Handlers</Filter>
    </ClInclude>
    <ClInclude Include="ReadyManager.h">
      <Filter>Header Files\ServerClasses</Filter>
    </ClInclude>
    <ClInclude Include="Game.h">
      <Filter>Header Files\GameClasses</Filter>
    </ClInclude>
  </ItemGroup>
  <ItemGroup>
    <Text Include="Questions.txt">
      <Filter>Resource Files</Filter>
    </Text>
  </ItemGroup>
</Project>