<?xml version="1.0" encoding="utf-8"?>
<Project ToolsVersion="4.0" xmlns="http://schemas.microsoft.com/developer/msbuild/2003">
  <ItemGroup>
    <Filter Include="Source Files">
      <UniqueIdentifier>{4FC737F1-C7A5-4376-A066-2A32D752A2FF}</UniqueIdentifier>
      <Extensions>cpp;c;cc;cxx;c++;cppm;ixx;def;odl;idl;hpj;bat;asm;asmx</Extensions>
    </Filter>
    <Filter Include="Header Files">
      <UniqueIdentifier>{93995380-89BD-4b04-88EB-625FBE52EBFB}</UniqueIdentifier>
      <Extensions>h;hh;hpp;hxx;h++;hm;inl;inc;ipp;xsd</Extensions>
    </Filter>
    <Filter Include="Resource Files">
      <UniqueIdentifier>{67DA6AB6-F800-4c08-8B7A-83BB121AAD01}</UniqueIdentifier>
      <Extensions>rc;ico;cur;bmp;dlg;rc2;rct;bin;rgs;gif;jpg;jpeg;jpe;resx;tiff;tif;png;wav;mfcribbon-ms</Extensions>
    </Filter>
    <Filter Include="Header Files\DB">
      <UniqueIdentifier>{9d4dc8b4-f08d-4e1a-a67e-85b7d0f9916f}</UniqueIdentifier>
    </Filter>
    <Filter Include="Source Files\DB">
      <UniqueIdentifier>{5868d03a-0824-4a23-b70b-300708aec6f9}</UniqueIdentifier>
    </Filter>
    <Filter Include="Header Files\DB\Handlers">
      <UniqueIdentifier>{2c84ca49-9df9-4334-afa4-a6fd7747252b}</UniqueIdentifier>
    </Filter>
    <Filter Include="Source Files\DB\Handlers">
      <UniqueIdentifier>{39e36dba-87fd-44b1-8ff0-e04a4cae6cb4}</UniqueIdentifier>
    </Filter>
    <Filter Include="Header Files\GameClasses">
      <UniqueIdentifier>{af3951cd-ac1d-492e-9887-df1a1e45d7af}</UniqueIdentifier>
    </Filter>
    <Filter Include="Source Files\DB\Classes">
      <UniqueIdentifier>{a4e15cae-cbb4-4733-b219-376113917575}</UniqueIdentifier>
    </Filter>
    <Filter Include="Header Files\DB\Classes">
      <UniqueIdentifier>{83a7e14d-f994-4924-8d83-1b2b8fef97b9}</UniqueIdentifier>
    </Filter>
    <Filter Include="Source Files\GameClasses">
      <UniqueIdentifier>{e4e3b91c-7ba5-4c5b-b3cb-4c5d7c8a50d4}</UniqueIdentifier>
    </Filter>
  </ItemGroup>
  <ItemGroup>
    <ClCompile Include="Source.cpp">
      <Filter>Source Files</Filter>
    </ClCompile>
    <ClCompile Include="AnswerHandler.cpp">
      <Filter>Source Files\DB\Handlers</Filter>
    </ClCompile>
    <ClCompile Include="LoginHandler.cpp">
      <Filter>Source Files\DB\Handlers</Filter>
    </ClCompile>
    <ClCompile Include="UtilityFunctions.cpp">
      <Filter>Source Files\DB</Filter>
    </ClCompile>
    <ClCompile Include="User.cpp">
      <Filter>Source Files\DB\Classes</Filter>
    </ClCompile>
    <ClCompile Include="Map.cpp">
      <Filter>Source Files\GameClasses</Filter>
    </ClCompile>
    <ClCompile Include="Player.cpp">
      <Filter>Source Files\GameClasses</Filter>
    </ClCompile>
    <ClCompile Include="Question.cpp">
      <Filter>Source Files\GameClasses</Filter>
    </ClCompile>
    <ClCompile Include="QuestionManager.cpp">
      <Filter>Source Files\GameClasses</Filter>
    </ClCompile>
    <ClCompile Include="Ranking.cpp">
      <Filter>Source Files\GameClasses</Filter>
    </ClCompile>
  </ItemGroup>
  <ItemGroup>
    <ClInclude Include="DBBehaviour.h">
      <Filter>Header Files\DB</Filter>
    </ClInclude>
    <ClInclude Include="AnswerHandler.h">
      <Filter>Header Files\DB\Handlers</Filter>
    </ClInclude>
    <ClInclude Include="LoginHandler.h">
      <Filter>Header Files\DB\Handlers</Filter>
    </ClInclude>
    <ClInclude Include="Map.h">
      <Filter>Header Files\GameClasses</Filter>
    </ClInclude>
    <ClInclude Include="PairHashers.h">
      <Filter>Header Files\GameClasses</Filter>
    </ClInclude>
    <ClInclude Include="Player.h">
      <Filter>Header Files\GameClasses</Filter>
    </ClInclude>
    <ClInclude Include="Question.h">
      <Filter>Header Files\GameClasses</Filter>
    </ClInclude>
    <ClInclude Include="QuestionManager.h">
      <Filter>Header Files\GameClasses</Filter>
    </ClInclude>
    <ClInclude Include="Ranking.h">
      <Filter>Header Files\GameClasses</Filter>
    </ClInclude>
    <ClInclude Include="UtilityFunctions.h">
      <Filter>Header Files\DB</Filter>
    </ClInclude>
    <ClInclude Include="User.h">
      <Filter>Header Files\DB\Classes</Filter>
    </ClInclude>
  </ItemGroup>
  <ItemGroup>
    <Text Include="Questions.txt">
      <Filter>Resource Files</Filter>
    </Text>
  </ItemGroup>
</Project>